
Microsoft Visual Studio Solution File, Format Version 12.00
# Visual Studio Version 16
VisualStudioVersion = 16.0.31129.286
MinimumVisualStudioVersion = 10.0.40219.1
Project("{8BC9CEB8-8B4A-11D0-8D11-00A0C91BC942}") = "中缀表达式求值", "中缀表达式求值\中缀表达式求值.vcxproj", "{338D6750-36AD-491C-96E5-A4CC10C437C4}"
EndProject
Global
	GlobalSection(SolutionConfigurationPlatforms) = preSolution
		Debug|x64 = Debug|x64
		Debug|x86 = Debug|x86
		Release|x64 = Release|x64
		Release|x86 = Release|x86
	EndGlobalSection
	GlobalSection(ProjectConfigurationPlatforms) = postSolution
		{338D6750-36AD-491C-96E5-A4CC10C437C4}.Debug|x64.ActiveCfg = Debug|x64
		{338D6750-36AD-491C-96E5-A4CC10C437C4}.Debug|x64.Build.0 = Debug|x64
		{338D6750-36AD-491C-96E5-A4CC10C437C4}.Debug|x86.ActiveCfg = Debug|Win32
		{338D6750-36AD-491C-96E5-A4CC10C437C4}.Debug|x86.Build.0 = Debug|Win32
		{338D6750-36AD-491C-96E5-A4CC10C437C4}.Release|x64.ActiveCfg = Release|x64
		{338D6750-36AD-491C-96E5-A4CC10C437C4}.Release|x64.Build.0 = Release|x64
		{338D6750-36AD-491C-96E5-A4CC10C437C4}.Release|x86.ActiveCfg = Release|Win32
		{338D6750-36AD-491C-96E5-A4CC10C437C4}.Release|x86.Build.0 = Release|Win32
	EndGlobalSection
	GlobalSection(SolutionProperties) = preSolution
		HideSolutionNode = FALSE
	EndGlobalSection
	GlobalSection(ExtensibilityGlobals) = postSolution
		SolutionGuid = {77D37857-7ECD-40CD-AC8E-B647EC2589FD}
	EndGlobalSection
EndGlobal
