
Microsoft Visual Studio Solution File, Format Version 12.00
# Visual Studio Version 16
VisualStudioVersion = 16.0.31129.286
MinimumVisualStudioVersion = 10.0.40219.1
Project("{8BC9CEB8-8B4A-11D0-8D11-00A0C91BC942}") = "进制转换", "进制转换\进制转换.vcxproj", "{2DF0DEA3-BCF4-49FB-9310-60D7DB93AF45}"
EndProject
Global
	GlobalSection(SolutionConfigurationPlatforms) = preSolution
		Debug|x64 = Debug|x64
		Debug|x86 = Debug|x86
		Release|x64 = Release|x64
		Release|x86 = Release|x86
	EndGlobalSection
	GlobalSection(ProjectConfigurationPlatforms) = postSolution
		{2DF0DEA3-BCF4-49FB-9310-60D7DB93AF45}.Debug|x64.ActiveCfg = Debug|x64
		{2DF0DEA3-BCF4-49FB-9310-60D7DB93AF45}.Debug|x64.Build.0 = Debug|x64
		{2DF0DEA3-BCF4-49FB-9310-60D7DB93AF45}.Debug|x86.ActiveCfg = Debug|Win32
		{2DF0DEA3-BCF4-49FB-9310-60D7DB93AF45}.Debug|x86.Build.0 = Debug|Win32
		{2DF0DEA3-BCF4-49FB-9310-60D7DB93AF45}.Release|x64.ActiveCfg = Release|x64
		{2DF0DEA3-BCF4-49FB-9310-60D7DB93AF45}.Release|x64.Build.0 = Release|x64
		{2DF0DEA3-BCF4-49FB-9310-60D7DB93AF45}.Release|x86.ActiveCfg = Release|Win32
		{2DF0DEA3-BCF4-49FB-9310-60D7DB93AF45}.Release|x86.Build.0 = Release|Win32
	EndGlobalSection
	GlobalSection(SolutionProperties) = preSolution
		HideSolutionNode = FALSE
	EndGlobalSection
	GlobalSection(ExtensibilityGlobals) = postSolution
		SolutionGuid = {9114CB73-4B7F-446C-B087-42040B14B791}
	EndGlobalSection
EndGlobal
